
Microsoft Visual Studio Solution File, Format Version 12.00
# Visual Studio Version 17
VisualStudioVersion = 17.4.33213.308
MinimumVisualStudioVersion = 10.0.40219.1
Project("{FAE04EC0-301F-11D3-BF4B-00C04F79EFBC}") = "CourseWork", "CourseWork\CourseWork.csproj", "{C35F1818-EDA7-452B-87EB-B29FC3DE8C06}"
EndProject
Global
	GlobalSection(SolutionConfigurationPlatforms) = preSolution
		Debug|Any CPU = Debug|Any CPU
		Release|Any CPU = Release|Any CPU
	EndGlobalSection
	GlobalSection(ProjectConfigurationPlatforms) = postSolution
		{C35F1818-EDA7-452B-87EB-B29FC3DE8C06}.Debug|Any CPU.ActiveCfg = Debug|Any CPU
		{C35F1818-EDA7-452B-87EB-B29FC3DE8C06}.Debug|Any CPU.Build.0 = Debug|Any CPU
		{C35F1818-EDA7-452B-87EB-B29FC3DE8C06}.Release|Any CPU.ActiveCfg = Release|Any CPU
		{C35F1818-EDA7-452B-87EB-B29FC3DE8C06}.Release|Any CPU.Build.0 = Release|Any CPU
	EndGlobalSection
	GlobalSection(SolutionProperties) = preSolution
		HideSolutionNode = FALSE
	EndGlobalSection
	GlobalSection(ExtensibilityGlobals) = postSolution
		SolutionGuid = {F89860CA-9DE8-4127-8BA4-EBBE41FED4D8}
	EndGlobalSection
EndGlobal
